Microsoft Visual Studio Solution File, Format Version 12.00
# Visual Studio 2012
Project("{FAE04EC0-301F-11D3-BF4B-00C04F79EFBC}") = "Turtle Tim", "Turtle Tim.csproj", "{2662AEF5-B0EA-47D4-85A9-0E377F28C44A}"
EndProject
Global
	GlobalSection(SolutionConfigurationPlatforms) = preSolution
	Debug|Any CPU = Debug|Any CPU
	ExportDebug|Any CPU = ExportDebug|Any CPU
	ExportRelease|Any CPU = ExportRelease|Any CPU
	EndGlobalSection
	GlobalSection(ProjectConfigurationPlatforms) = postSolution
		{2662AEF5-B0EA-47D4-85A9-0E377F28C44A}.Debug|Any CPU.ActiveCfg = Debug|Any CPU
		{2662AEF5-B0EA-47D4-85A9-0E377F28C44A}.Debug|Any CPU.Build.0 = Debug|Any CPU
		{2662AEF5-B0EA-47D4-85A9-0E377F28C44A}.ExportDebug|Any CPU.ActiveCfg = ExportDebug|Any CPU
		{2662AEF5-B0EA-47D4-85A9-0E377F28C44A}.ExportDebug|Any CPU.Build.0 = ExportDebug|Any CPU
		{2662AEF5-B0EA-47D4-85A9-0E377F28C44A}.ExportRelease|Any CPU.ActiveCfg = ExportRelease|Any CPU
		{2662AEF5-B0EA-47D4-85A9-0E377F28C44A}.ExportRelease|Any CPU.Build.0 = ExportRelease|Any CPU
	EndGlobalSection
EndGlobal
